
Microsoft Visual Studio Solution File, Format Version 12.00
# Visual Studio Version 17
VisualStudioVersion = 17.3.32929.385
MinimumVisualStudioVersion = 10.0.40219.1
Project("{FAE04EC0-301F-11D3-BF4B-00C04F79EFBC}") = "Collection1", "Collection1\Collection1.csproj", "{3209A49C-93D7-4245-BCCE-8BE3023B01A4}"
EndProject
Global
	GlobalSection(SolutionConfigurationPlatforms) = preSolution
		Debug|Any CPU = Debug|Any CPU
		Release|Any CPU = Release|Any CPU
	EndGlobalSection
	GlobalSection(ProjectConfigurationPlatforms) = postSolution
		{3209A49C-93D7-4245-BCCE-8BE3023B01A4}.Debug|Any CPU.ActiveCfg = Debug|Any CPU
		{3209A49C-93D7-4245-BCCE-8BE3023B01A4}.Debug|Any CPU.Build.0 = Debug|Any CPU
		{3209A49C-93D7-4245-BCCE-8BE3023B01A4}.Release|Any CPU.ActiveCfg = Release|Any CPU
		{3209A49C-93D7-4245-BCCE-8BE3023B01A4}.Release|Any CPU.Build.0 = Release|Any CPU
	EndGlobalSection
	GlobalSection(SolutionProperties) = preSolution
		HideSolutionNode = FALSE
	EndGlobalSection
	GlobalSection(ExtensibilityGlobals) = postSolution
		SolutionGuid = {25A50EFA-E85B-4A73-A24D-BEE47BA8D65C}
	EndGlobalSection
EndGlobal
